
Microsoft Visual Studio Solution File, Format Version 12.00
# Visual Studio Version 17
VisualStudioVersion = 17.14.36518.9 d17.14
MinimumVisualStudioVersion = 10.0.40219.1
Project("{FAE04EC0-301F-11D3-BF4B-00C04F79EFBC}") = "CompanyBoosterWebApp", "CompanyBoosterWebApp\CompanyBoosterWebApp.csproj", "{79B76BAA-65B0-4DC7-BC54-A03F22415AA0}"
EndProject
Global
	GlobalSection(SolutionConfigurationPlatforms) = preSolution
		Debug|Any CPU = Debug|Any CPU
		Release|Any CPU = Release|Any CPU
	EndGlobalSection
	GlobalSection(ProjectConfigurationPlatforms) = postSolution
		{79B76BAA-65B0-4DC7-BC54-A03F22415AA0}.Debug|Any CPU.ActiveCfg = Debug|Any CPU
		{79B76BAA-65B0-4DC7-BC54-A03F22415AA0}.Debug|Any CPU.Build.0 = Debug|Any CPU
		{79B76BAA-65B0-4DC7-BC54-A03F22415AA0}.Release|Any CPU.ActiveCfg = Release|Any CPU
		{79B76BAA-65B0-4DC7-BC54-A03F22415AA0}.Release|Any CPU.Build.0 = Release|Any CPU
	EndGlobalSection
	GlobalSection(SolutionProperties) = preSolution
		HideSolutionNode = FALSE
	EndGlobalSection
	GlobalSection(ExtensibilityGlobals) = postSolution
		SolutionGuid = {0FCFF6D9-6091-48DB-A9E0-9066884C45E8}
	EndGlobalSection
EndGlobal
